{
  "nodes": {
    "nix-lefthook-bats-unit-src": {
      "flake": false,
      "locked": {
        "lastModified": 1780849239,
        "narHash": "sha256-g4OoePb0pnf3J9O/LnV/Yudq3Nq6lC3UAXI+Ebop9P0=",
        "owner": "pr0d1r2",
        "repo": "nix-lefthook-bats-unit",
        "rev": "872ed7507d20fd2f03752e8e464b4607db523e07",
        "type": "github"
      },
      "original": {
        "owner": "pr0d1r2",
        "repo": "nix-lefthook-bats-unit",
        "type": "github"
      }
    },
    "nix-lefthook-deadnix-src": {
      "flake": false,
      "locked": {
        "lastModified": 1780950660,
        "narHash": "sha256-2s05CfJw8sgEwhbrP8uVb7d1IAapCncen47d/R+0h/o=",
        "owner": "pr0d1r2",
        "repo": "nix-lefthook-deadnix",
        "rev": "341dcd21ec502f3c19d3d4b44589c1a170c68196",
        "type": "github"
      },
      "original": {
        "owner": "pr0d1r2",
        "repo": "nix-lefthook-deadnix",
        "type": "github"
      }
    },
    "nix-lefthook-editorconfig-checker-src": {
      "flake": false,
      "locked": {
        "lastModified": 1780829762,
        "narHash": "sha256-cSh0j8iM08bD5ftbtOLFXSyCSnNl8Rvux65D/xJ1mhU=",
        "owner": "pr0d1r2",
        "repo": "nix-lefthook-editorconfig-checker",
        "rev": "cb6e9f55dde8609c0147896244acca4e9d455385",
        "type": "github"
      },
      "original": {
        "owner": "pr0d1r2",
        "repo": "nix-lefthook-editorconfig-checker",
        "type": "github"
      }
    },
    "nix-lefthook-file-size-check-src": {
      "flake": false,
      "locked": {
        "lastModified": 1780828050,
        "narHash": "sha256-2yK4ueOpXyXYT4hqhVYbRAAdRnlsDpQuO+XT6cR9ack=",
        "owner": "pr0d1r2",
        "repo": "nix-lefthook-file-size-check",
        "rev": "f30fa4c19aaf68f1e9ad831d2b8e62863a3b6eb0",
        "type": "github"
      },
      "original": {
        "owner": "pr0d1r2",
        "repo": "nix-lefthook-file-size-check",
        "type": "github"
      }
    },
    "nix-lefthook-git-conflict-markers-src": {
      "flake": false,
      "locked": {
        "lastModified": 1780827879,
        "narHash": "sha256-RbB+NSq5YRk53ul3e16mriGsSYdiXfnPRWQTtvdPbgI=",
        "owner": "pr0d1r2",
        "repo": "nix-lefthook-git-conflict-markers",
        "rev": "1b849829d6de0a2f26fe32d89e76c3ebce02d1c9",
        "type": "github"
      },
      "original": {
        "owner": "pr0d1r2",
        "repo": "nix-lefthook-git-conflict-markers",
        "type": "github"
      }
    },
    "nix-lefthook-git-no-local-paths-src": {
      "flake": false,
      "locked": {
        "lastModified": 1780827867,
        "narHash": "sha256-rlfdsT2b6LfVEkNSy/dU6uwwSvtrI2I8L/s/cu/O4Ms=",
        "owner": "pr0d1r2",
        "repo": "nix-lefthook-git-no-local-paths",
        "rev": "f92909985c6bd274aa2ea11393f583f488af2693",
        "type": "github"
      },
      "original": {
        "owner": "pr0d1r2",
        "repo": "nix-lefthook-git-no-local-paths",
        "type": "github"
      }
    },
    "nix-lefthook-markdownlint-agentic-src": {
      "flake": false,
      "locked": {
        "lastModified": 1784021321,
        "narHash": "sha256-nyb+31NBTaVKGPaabvbiU8n37t56cpPSVj2T5pFUqsA=",
        "owner": "pr0d1r2",
        "repo": "nix-lefthook-markdownlint-agentic",
        "rev": "33fe475150258af0ba826d81a8956374a375c11a",
        "type": "github"
      },
      "original": {
        "owner": "pr0d1r2",
        "repo": "nix-lefthook-markdownlint-agentic",
        "type": "github"
      }
    },
    "nix-lefthook-markdownlint-src": {
      "flake": false,
      "locked": {
        "lastModified": 1784019148,
        "narHash": "sha256-0HMKpn0V1GvU4gHn8Mx73yXG7akKefwRQsfIOSK3978=",
        "owner": "pr0d1r2",
        "repo": "nix-lefthook-markdownlint",
        "rev": "6db42287850a8bb7ffe7c92f70281fd0b909d754",
        "type": "github"
      },
      "original": {
        "owner": "pr0d1r2",
        "repo": "nix-lefthook-markdownlint",
        "type": "github"
      }
    },
    "nix-lefthook-missing-final-newline-src": {
      "flake": false,
      "locked": {
        "lastModified": 1780832343,
        "narHash": "sha256-NAudHiYSMq0ChY6hg/PyRxhIoyANAxXWVaP47ixCiEo=",
        "owner": "pr0d1r2",
        "repo": "nix-lefthook-missing-final-newline",
        "rev": "e1b1c3d0ca0c9a4241a915d1c72fff1f3b848376",
        "type": "github"
      },
      "original": {
        "owner": "pr0d1r2",
        "repo": "nix-lefthook-missing-final-newline",
        "type": "github"
      }
    },
    "nix-lefthook-nix-no-embedded-shell-src": {
      "flake": false,
      "locked": {
        "lastModified": 1780950697,
        "narHash": "sha256-V/O0AP0R1qO+GyE+PQXaHU3XZwwmLjQZ/YtXVm4d4NQ=",
        "owner": "pr0d1r2",
        "repo": "nix-lefthook-nix-no-embedded-shell",
        "rev": "da1186e8d3d99d805cd6b00d49c62932a2fcfd16",
        "type": "github"
      },
      "original": {
        "owner": "pr0d1r2",
        "repo": "nix-lefthook-nix-no-embedded-shell",
        "type": "github"
      }
    },
    "nix-lefthook-nixfmt-src": {
      "flake": false,
      "locked": {
        "lastModified": 1780950610,
        "narHash": "sha256-ejKKbtW1oAc13r5+q1KkFKg7uT3qeQp49phJOXYE/L4=",
        "owner": "pr0d1r2",
        "repo": "nix-lefthook-nixfmt",
        "rev": "cf3ce2b6d08d4e77b8eab6d272d0beac703601a1",
        "type": "github"
      },
      "original": {
        "owner": "pr0d1r2",
        "repo": "nix-lefthook-nixfmt",
        "type": "github"
      }
    },
    "nix-lefthook-shellcheck-src": {
      "flake": false,
      "locked": {
        "lastModified": 1780950579,
        "narHash": "sha256-yKZK8DT8jDvqzlDC99lrc4kOzjo/IHH1E21NgQhx96k=",
        "owner": "pr0d1r2",
        "repo": "nix-lefthook-shellcheck",
        "rev": "52d9501160f6f65e8e20a557a52dbb95b0a9434f",
        "type": "github"
      },
      "original": {
        "owner": "pr0d1r2",
        "repo": "nix-lefthook-shellcheck",
        "type": "github"
      }
    },
    "nix-lefthook-shfmt-src": {
      "flake": false,
      "locked": {
        "lastModified": 1780823471,
        "narHash": "sha256-hw8irioDOIQPJLudAMVJmzJKYVZgtzir7A7wLx6X52s=",
        "owner": "pr0d1r2",
        "repo": "nix-lefthook-shfmt",
        "rev": "a6dc600ff931c21b7b00a26cf9640aa5a9d711c2",
        "type": "github"
      },
      "original": {
        "owner": "pr0d1r2",
        "repo": "nix-lefthook-shfmt",
        "type": "github"
      }
    },
    "nix-lefthook-statix-src": {
      "flake": false,
      "locked": {
        "lastModified": 1780950712,
        "narHash": "sha256-0Urvr5KCC6zVFYWuJLci/yLIaYesLbSLTah+zT2NMkk=",
        "owner": "pr0d1r2",
        "repo": "nix-lefthook-statix",
        "rev": "c8cc547971630f62af947a01d2266d4dba6e7d23",
        "type": "github"
      },
      "original": {
        "owner": "pr0d1r2",
        "repo": "nix-lefthook-statix",
        "type": "github"
      }
    },
    "nix-lefthook-trailing-whitespace-src": {
      "flake": false,
      "locked": {
        "lastModified": 1780829440,
        "narHash": "sha256-uJMmMbKxSTCTHbeyCnO8A/kNfCDKHv6e6cjZJYxpGeY=",
        "owner": "pr0d1r2",
        "repo": "nix-lefthook-trailing-whitespace",
        "rev": "5602aad490313efbc57dcea4cc13c15dfa430d3e",
        "type": "github"
      },
      "original": {
        "owner": "pr0d1r2",
        "repo": "nix-lefthook-trailing-whitespace",
        "type": "github"
      }
    },
    "nix-lefthook-typos-src": {
      "flake": false,
      "locked": {
        "lastModified": 1780824124,
        "narHash": "sha256-/CIfUIVe65zzSZZ8k+hteXJEVPJ6Naqh+Taq7aVD26Q=",
        "owner": "pr0d1r2",
        "repo": "nix-lefthook-typos",
        "rev": "0d0977be8788426bb14c52b843774973aa8eec6c",
        "type": "github"
      },
      "original": {
        "owner": "pr0d1r2",
        "repo": "nix-lefthook-typos",
        "type": "github"
      }
    },
    "nix-lefthook-yamllint-src": {
      "flake": false,
      "locked": {
        "lastModified": 1780950636,
        "narHash": "sha256-HAmdlPilupNpkAP10h8aePFRPRXpTYsHffjlPJdVUDU=",
        "owner": "pr0d1r2",
        "repo": "nix-lefthook-yamllint",
        "rev": "4e9e8cb12242d0c5ae7071ef24ae39ced2487ba6",
        "type": "github"
      },
      "original": {
        "owner": "pr0d1r2",
        "repo": "nix-lefthook-yamllint",
        "type": "github"
      }
    },
    "nixpkgs": {
      "locked": {
        "lastModified": 1780511130,
        "narHash": "sha256-2v9lT4ya59Lh1FqPeLnz1MoX9y/wz2huqfe9RtQZITk=",
        "owner": "NixOS",
        "repo": "nixpkgs",
        "rev": "535f3e6942cb1cead3929c604320d3db54b542b9",
        "type": "github"
      },
      "original": {
        "owner": "NixOS",
        "ref": "nixos-25.11",
        "repo": "nixpkgs",
        "type": "github"
      }
    },
    "nixpkgs-lock": {
      "inputs": {
        "nixpkgs": "nixpkgs"
      },
      "locked": {
        "lastModified": 1780807744,
        "narHash": "sha256-BsRQIpTaGrmwn/LbK2kp1iYTc6wrWfxtswLx+gcM424=",
        "owner": "pr0d1r2",
        "repo": "nixpkgs-lock",
        "rev": "1e6ffb1960305718ccd8935fcedd353d2b35a387",
        "type": "github"
      },
      "original": {
        "owner": "pr0d1r2",
        "repo": "nixpkgs-lock",
        "type": "github"
      }
    },
    "root": {
      "inputs": {
        "nix-lefthook-bats-unit-src": "nix-lefthook-bats-unit-src",
        "nix-lefthook-deadnix-src": "nix-lefthook-deadnix-src",
        "nix-lefthook-editorconfig-checker-src": "nix-lefthook-editorconfig-checker-src",
        "nix-lefthook-file-size-check-src": "nix-lefthook-file-size-check-src",
        "nix-lefthook-git-conflict-markers-src": "nix-lefthook-git-conflict-markers-src",
        "nix-lefthook-git-no-local-paths-src": "nix-lefthook-git-no-local-paths-src",
        "nix-lefthook-markdownlint-agentic-src": "nix-lefthook-markdownlint-agentic-src",
        "nix-lefthook-markdownlint-src": "nix-lefthook-markdownlint-src",
        "nix-lefthook-missing-final-newline-src": "nix-lefthook-missing-final-newline-src",
        "nix-lefthook-nix-no-embedded-shell-src": "nix-lefthook-nix-no-embedded-shell-src",
        "nix-lefthook-nixfmt-src": "nix-lefthook-nixfmt-src",
        "nix-lefthook-shellcheck-src": "nix-lefthook-shellcheck-src",
        "nix-lefthook-shfmt-src": "nix-lefthook-shfmt-src",
        "nix-lefthook-statix-src": "nix-lefthook-statix-src",
        "nix-lefthook-trailing-whitespace-src": "nix-lefthook-trailing-whitespace-src",
        "nix-lefthook-typos-src": "nix-lefthook-typos-src",
        "nix-lefthook-yamllint-src": "nix-lefthook-yamllint-src",
        "nixpkgs": [
          "nixpkgs-lock",
          "nixpkgs"
        ],
        "nixpkgs-lock": "nixpkgs-lock"
      }
    }
  },
  "root": "root",
  "version": 7
}
