{
  "nodes": {
    "nix-lefthook-bats-unit-src": {
      "flake": false,
      "locked": {
        "lastModified": 1780849239,
        "narHash": "sha256-g4OoePb0pnf3J9O/LnV/Yudq3Nq6lC3UAXI+Ebop9P0=",
        "owner": "pr0d1r2",
        "repo": "nix-lefthook-bats-unit",
        "rev": "872ed7507d20fd2f03752e8e464b4607db523e07",
        "type": "github"
      },
      "original": {
        "owner": "pr0d1r2",
        "repo": "nix-lefthook-bats-unit",
        "type": "github"
      }
    },
    "nix-lefthook-deadnix-src": {
      "flake": false,
      "locked": {
        "lastModified": 1784033330,
        "narHash": "sha256-WcEVfFo1BQ6IRuvKZ7/9zdwPmyvMXKHlrtoE7b1ZQ0Q=",
        "owner": "pr0d1r2",
        "repo": "nix-lefthook-deadnix",
        "rev": "a38914acaf7f1ee6e14dbbf6be209bb9132122b9",
        "type": "github"
      },
      "original": {
        "owner": "pr0d1r2",
        "repo": "nix-lefthook-deadnix",
        "type": "github"
      }
    },
    "nix-lefthook-editorconfig-checker-src": {
      "flake": false,
      "locked": {
        "lastModified": 1784015662,
        "narHash": "sha256-FpNdawqX9W+ow56ojQ5DFybHFqh0lzae4o2VdSe6jlU=",
        "owner": "pr0d1r2",
        "repo": "nix-lefthook-editorconfig-checker",
        "rev": "2950053f747a3bb1042da741bd9d810d11884b2c",
        "type": "github"
      },
      "original": {
        "owner": "pr0d1r2",
        "repo": "nix-lefthook-editorconfig-checker",
        "type": "github"
      }
    },
    "nix-lefthook-file-size-check-src": {
      "flake": false,
      "locked": {
        "lastModified": 1780828050,
        "narHash": "sha256-2yK4ueOpXyXYT4hqhVYbRAAdRnlsDpQuO+XT6cR9ack=",
        "owner": "pr0d1r2",
        "repo": "nix-lefthook-file-size-check",
        "rev": "f30fa4c19aaf68f1e9ad831d2b8e62863a3b6eb0",
        "type": "github"
      },
      "original": {
        "owner": "pr0d1r2",
        "repo": "nix-lefthook-file-size-check",
        "type": "github"
      }
    },
    "nix-lefthook-git-conflict-markers-src": {
      "flake": false,
      "locked": {
        "lastModified": 1780827879,
        "narHash": "sha256-RbB+NSq5YRk53ul3e16mriGsSYdiXfnPRWQTtvdPbgI=",
        "owner": "pr0d1r2",
        "repo": "nix-lefthook-git-conflict-markers",
        "rev": "1b849829d6de0a2f26fe32d89e76c3ebce02d1c9",
        "type": "github"
      },
      "original": {
        "owner": "pr0d1r2",
        "repo": "nix-lefthook-git-conflict-markers",
        "type": "github"
      }
    },
    "nix-lefthook-git-no-local-paths-src": {
      "flake": false,
      "locked": {
        "lastModified": 1783061347,
        "narHash": "sha256-rHizSGMYxyZyKfs7IYLCvsrJFz8DYdj+Wq1OpdbDljQ=",
        "owner": "pr0d1r2",
        "repo": "nix-lefthook-git-no-local-paths",
        "rev": "897aa3a6ab5f7977a319f14d778d5e00c146a0ef",
        "type": "github"
      },
      "original": {
        "owner": "pr0d1r2",
        "repo": "nix-lefthook-git-no-local-paths",
        "type": "github"
      }
    },
    "nix-lefthook-markdownlint-agentic-src": {
      "flake": false,
      "locked": {
        "lastModified": 1784021321,
        "narHash": "sha256-nyb+31NBTaVKGPaabvbiU8n37t56cpPSVj2T5pFUqsA=",
        "owner": "pr0d1r2",
        "repo": "nix-lefthook-markdownlint-agentic",
        "rev": "33fe475150258af0ba826d81a8956374a375c11a",
        "type": "github"
      },
      "original": {
        "owner": "pr0d1r2",
        "repo": "nix-lefthook-markdownlint-agentic",
        "type": "github"
      }
    },
    "nix-lefthook-markdownlint-src": {
      "flake": false,
      "locked": {
        "lastModified": 1784019148,
        "narHash": "sha256-0HMKpn0V1GvU4gHn8Mx73yXG7akKefwRQsfIOSK3978=",
        "owner": "pr0d1r2",
        "repo": "nix-lefthook-markdownlint",
        "rev": "6db42287850a8bb7ffe7c92f70281fd0b909d754",
        "type": "github"
      },
      "original": {
        "owner": "pr0d1r2",
        "repo": "nix-lefthook-markdownlint",
        "type": "github"
      }
    },
    "nix-lefthook-missing-final-newline-src": {
      "flake": false,
      "locked": {
        "lastModified": 1780832343,
        "narHash": "sha256-NAudHiYSMq0ChY6hg/PyRxhIoyANAxXWVaP47ixCiEo=",
        "owner": "pr0d1r2",
        "repo": "nix-lefthook-missing-final-newline",
        "rev": "e1b1c3d0ca0c9a4241a915d1c72fff1f3b848376",
        "type": "github"
      },
      "original": {
        "owner": "pr0d1r2",
        "repo": "nix-lefthook-missing-final-newline",
        "type": "github"
      }
    },
    "nix-lefthook-nix-no-embedded-shell-src": {
      "flake": false,
      "locked": {
        "lastModified": 1783693982,
        "narHash": "sha256-7p83O/UvF0EkMsOwNEWz/DIcTqOnes99ahcT6A8FSts=",
        "owner": "pr0d1r2",
        "repo": "nix-lefthook-nix-no-embedded-shell",
        "rev": "b9b40812ca7e559033c50b4294bc5703acfb4cd0",
        "type": "github"
      },
      "original": {
        "owner": "pr0d1r2",
        "repo": "nix-lefthook-nix-no-embedded-shell",
        "type": "github"
      }
    },
    "nix-lefthook-nixfmt-src": {
      "flake": false,
      "locked": {
        "lastModified": 1784026936,
        "narHash": "sha256-GAwYxLIJtm2f+FOtELy2VsnNzw/edm7+oruTIj3GGPo=",
        "owner": "pr0d1r2",
        "repo": "nix-lefthook-nixfmt",
        "rev": "38296e234f5c09b102fb88463844d0099133c865",
        "type": "github"
      },
      "original": {
        "owner": "pr0d1r2",
        "repo": "nix-lefthook-nixfmt",
        "type": "github"
      }
    },
    "nix-lefthook-shellcheck-src": {
      "flake": false,
      "locked": {
        "lastModified": 1780950579,
        "narHash": "sha256-yKZK8DT8jDvqzlDC99lrc4kOzjo/IHH1E21NgQhx96k=",
        "owner": "pr0d1r2",
        "repo": "nix-lefthook-shellcheck",
        "rev": "52d9501160f6f65e8e20a557a52dbb95b0a9434f",
        "type": "github"
      },
      "original": {
        "owner": "pr0d1r2",
        "repo": "nix-lefthook-shellcheck",
        "type": "github"
      }
    },
    "nix-lefthook-shfmt-src": {
      "flake": false,
      "locked": {
        "lastModified": 1784030072,
        "narHash": "sha256-8feH8hEaiFuuUQ3w8CCWjhbKXfA67oX1E8vJoFh1oxo=",
        "owner": "pr0d1r2",
        "repo": "nix-lefthook-shfmt",
        "rev": "0aa7b9aece281bc5505000d7cfa679a5aa886fa3",
        "type": "github"
      },
      "original": {
        "owner": "pr0d1r2",
        "repo": "nix-lefthook-shfmt",
        "type": "github"
      }
    },
    "nix-lefthook-statix-src": {
      "flake": false,
      "locked": {
        "lastModified": 1784024244,
        "narHash": "sha256-QrVTlS2EM0NPmZtr4sdxNIfcv5ZlW05MY9nOXsdZzoQ=",
        "owner": "pr0d1r2",
        "repo": "nix-lefthook-statix",
        "rev": "b66c03ec0ec98dcfe0690d7bded931b7b2758fda",
        "type": "github"
      },
      "original": {
        "owner": "pr0d1r2",
        "repo": "nix-lefthook-statix",
        "type": "github"
      }
    },
    "nix-lefthook-trailing-whitespace-src": {
      "flake": false,
      "locked": {
        "lastModified": 1780829440,
        "narHash": "sha256-uJMmMbKxSTCTHbeyCnO8A/kNfCDKHv6e6cjZJYxpGeY=",
        "owner": "pr0d1r2",
        "repo": "nix-lefthook-trailing-whitespace",
        "rev": "5602aad490313efbc57dcea4cc13c15dfa430d3e",
        "type": "github"
      },
      "original": {
        "owner": "pr0d1r2",
        "repo": "nix-lefthook-trailing-whitespace",
        "type": "github"
      }
    },
    "nix-lefthook-typos-src": {
      "flake": false,
      "locked": {
        "lastModified": 1784016769,
        "narHash": "sha256-KfiwmJUDhCHaB8mR+1IWNbGn9L3w/fAhV1nuHU8gxak=",
        "owner": "pr0d1r2",
        "repo": "nix-lefthook-typos",
        "rev": "0333bb319ce701be6f63ebc62b53b83ad35769ba",
        "type": "github"
      },
      "original": {
        "owner": "pr0d1r2",
        "repo": "nix-lefthook-typos",
        "type": "github"
      }
    },
    "nix-lefthook-yamllint-src": {
      "flake": false,
      "locked": {
        "lastModified": 1784013492,
        "narHash": "sha256-ZKwQYYZpGocbsm41OX8Pc/PPY5QT2I9yc6ME+89gL9s=",
        "owner": "pr0d1r2",
        "repo": "nix-lefthook-yamllint",
        "rev": "f6677e70f3260d4f015e46d656658735736d222f",
        "type": "github"
      },
      "original": {
        "owner": "pr0d1r2",
        "repo": "nix-lefthook-yamllint",
        "type": "github"
      }
    },
    "nixpkgs": {
      "locked": {
        "lastModified": 1780511130,
        "narHash": "sha256-2v9lT4ya59Lh1FqPeLnz1MoX9y/wz2huqfe9RtQZITk=",
        "owner": "NixOS",
        "repo": "nixpkgs",
        "rev": "535f3e6942cb1cead3929c604320d3db54b542b9",
        "type": "github"
      },
      "original": {
        "owner": "NixOS",
        "ref": "nixos-25.11",
        "repo": "nixpkgs",
        "type": "github"
      }
    },
    "nixpkgs-lock": {
      "inputs": {
        "nixpkgs": "nixpkgs"
      },
      "locked": {
        "lastModified": 1783694594,
        "narHash": "sha256-vlWnwv1BBiY/SwgBc1iClG4fGHQTozFuFPLV2SGiogA=",
        "owner": "pr0d1r2",
        "repo": "nixpkgs-lock",
        "rev": "e0e9115fba25f29c9bd35f3e2ce98c3a6614f298",
        "type": "github"
      },
      "original": {
        "owner": "pr0d1r2",
        "repo": "nixpkgs-lock",
        "type": "github"
      }
    },
    "root": {
      "inputs": {
        "nix-lefthook-bats-unit-src": "nix-lefthook-bats-unit-src",
        "nix-lefthook-deadnix-src": "nix-lefthook-deadnix-src",
        "nix-lefthook-editorconfig-checker-src": "nix-lefthook-editorconfig-checker-src",
        "nix-lefthook-file-size-check-src": "nix-lefthook-file-size-check-src",
        "nix-lefthook-git-conflict-markers-src": "nix-lefthook-git-conflict-markers-src",
        "nix-lefthook-git-no-local-paths-src": "nix-lefthook-git-no-local-paths-src",
        "nix-lefthook-markdownlint-agentic-src": "nix-lefthook-markdownlint-agentic-src",
        "nix-lefthook-markdownlint-src": "nix-lefthook-markdownlint-src",
        "nix-lefthook-missing-final-newline-src": "nix-lefthook-missing-final-newline-src",
        "nix-lefthook-nix-no-embedded-shell-src": "nix-lefthook-nix-no-embedded-shell-src",
        "nix-lefthook-nixfmt-src": "nix-lefthook-nixfmt-src",
        "nix-lefthook-shellcheck-src": "nix-lefthook-shellcheck-src",
        "nix-lefthook-shfmt-src": "nix-lefthook-shfmt-src",
        "nix-lefthook-statix-src": "nix-lefthook-statix-src",
        "nix-lefthook-trailing-whitespace-src": "nix-lefthook-trailing-whitespace-src",
        "nix-lefthook-typos-src": "nix-lefthook-typos-src",
        "nix-lefthook-yamllint-src": "nix-lefthook-yamllint-src",
        "nixpkgs": [
          "nixpkgs-lock",
          "nixpkgs"
        ],
        "nixpkgs-lock": "nixpkgs-lock"
      }
    }
  },
  "root": "root",
  "version": 7
}
